
Microsoft Visual Studio Solution File, Format Version 12.00
Project("{FAE04EC0-301F-11D3-BF4B-00C04F79EFBC}") = "CleanCode", "CleanCode\CleanCode.csproj", "{A2BC880F-1924-4766-8C0C-4F623E9C1786}"
EndProject
Project("{FAE04EC0-301F-11D3-BF4B-00C04F79EFBC}") = "Day2Tests", "Day2Tests\Day2Tests.csproj", "{9AFA0E9A-91B3-4C95-89F7-D36ABB3ABBB6}"
EndProject
Global
	GlobalSection(SolutionConfigurationPlatforms) = preSolution
		Debug|Any CPU = Debug|Any CPU
		Release|Any CPU = Release|Any CPU
	EndGlobalSection
	GlobalSection(ProjectConfigurationPlatforms) = postSolution
		{A2BC880F-1924-4766-8C0C-4F623E9C1786}.Debug|Any CPU.ActiveCfg = Debug|Any CPU
		{A2BC880F-1924-4766-8C0C-4F623E9C1786}.Debug|Any CPU.Build.0 = Debug|Any CPU
		{A2BC880F-1924-4766-8C0C-4F623E9C1786}.Release|Any CPU.ActiveCfg = Release|Any CPU
		{A2BC880F-1924-4766-8C0C-4F623E9C1786}.Release|Any CPU.Build.0 = Release|Any CPU
		{9AFA0E9A-91B3-4C95-89F7-D36ABB3ABBB6}.Debug|Any CPU.ActiveCfg = Debug|Any CPU
		{9AFA0E9A-91B3-4C95-89F7-D36ABB3ABBB6}.Debug|Any CPU.Build.0 = Debug|Any CPU
		{9AFA0E9A-91B3-4C95-89F7-D36ABB3ABBB6}.Release|Any CPU.ActiveCfg = Release|Any CPU
		{9AFA0E9A-91B3-4C95-89F7-D36ABB3ABBB6}.Release|Any CPU.Build.0 = Release|Any CPU
	EndGlobalSection
EndGlobal
